// !$*UTF8*$!
{
	archiveVersion = 1;
	classes = {
	};
	objectVersion = 50;
	objects = {

/* Begin PBXBuildFile section */
		FFBAA0CC22130C1200931F3E /* AppDelegate.swift in Sources */ = {isa = PBXBuildFile; fileRef = FFBAA0CB22130C1200931F3E /* AppDelegate.swift */; };
		FFBAA0CE22130C1200931F3E /* MainSearchViewController.swift in Sources */ = {isa = PBXBuildFile; fileRef = FFBAA0CD22130C1200931F3E /* MainSearchViewController.swift */; };
		FFBAA0D122130C1200931F3E /* Main.storyboard in Resources */ = {isa = PBXBuildFile; fileRef = FFBAA0CF22130C1200931F3E /* Main.storyboard */; };
		FFBAA0D322130C1300931F3E /* Assets.xcassets in Resources */ = {isa = PBXBuildFile; fileRef = FFBAA0D222130C1300931F3E /* Assets.xcassets */; };
		FFBAA0D622130C1300931F3E /* LaunchScreen.storyboard in Resources */ = {isa = PBXBuildFile; fileRef = FFBAA0D422130C1300931F3E /* LaunchScreen.storyboard */; };
		FFBAA0E622130F3800931F3E /* DetailViewController.swift in Sources */ = {isa = PBXBuildFile; fileRef = FFBAA0E522130F3800931F3E /* DetailViewController.swift */; };
		FFBAA0EA221311B100931F3E /* MainSearchControllerCell.xib in Resources */ = {isa = PBXBuildFile; fileRef = FFBAA0E9221311B100931F3E /* MainSearchControllerCell.xib */; };
		FFBAA0EC221311E600931F3E /* MainSearchControllerCell.swift in Sources */ = {isa = PBXBuildFile; fileRef = FFBAA0EB221311E600931F3E /* MainSearchControllerCell.swift */; };
		FFBAA0F322133D9300931F3E /* Segues.swift in Sources */ = {isa = PBXBuildFile; fileRef = FFBAA0F022133D9200931F3E /* Segues.swift */; };
		FFBAA0F422133D9300931F3E /* Images.swift in Sources */ = {isa = PBXBuildFile; fileRef = FFBAA0F122133D9200931F3E /* Images.swift */; };
		FFBAA0F522133D9300931F3E /* Storyboards.swift in Sources */ = {isa = PBXBuildFile; fileRef = FFBAA0F222133D9300931F3E /* Storyboards.swift */; };
		FFBAA0F922133E3900931F3E /* Localizable.strings in Resources */ = {isa = PBXBuildFile; fileRef = FFBAA0FB22133E3900931F3E /* Localizable.strings */; };
		FFBAA0FD22133F9F00931F3E /* Strings.swift in Sources */ = {isa = PBXBuildFile; fileRef = FFBAA0FC22133F9F00931F3E /* Strings.swift */; };
		FFBAA101221340C500931F3E /* UIVIew+NibInstantiatable.swift in Sources */ = {isa = PBXBuildFile; fileRef = FFBAA0FF221340C500931F3E /* UIVIew+NibInstantiatable.swift */; };
		FFBAA102221340C500931F3E /* UIViewController+StoryboardInstantiatable.swift in Sources */ = {isa = PBXBuildFile; fileRef = FFBAA100221340C500931F3E /* UIViewController+StoryboardInstantiatable.swift */; };
		FFBAA1062213657A00931F3E /* UIView+Constraints.swift in Sources */ = {isa = PBXBuildFile; fileRef = FFBAA1052213657A00931F3E /* UIView+Constraints.swift */; };
		FFBAA10A22143DE700931F3E /* NetworkService.swift in Sources */ = {isa = PBXBuildFile; fileRef = FFBAA10822143DE700931F3E /* NetworkService.swift */; };
		FFBAA10B22143DE700931F3E /* URLSessionPinningDelegate.swift in Sources */ = {isa = PBXBuildFile; fileRef = FFBAA10922143DE700931F3E /* URLSessionPinningDelegate.swift */; };
		FFBAA10E22143E1C00931F3E /* CoreError.swift in Sources */ = {isa = PBXBuildFile; fileRef = FFBAA10D22143E1C00931F3E /* CoreError.swift */; };
		FFBAA11422143F8B00931F3E /* BackendAPIRequest.swift in Sources */ = {isa = PBXBuildFile; fileRef = FFBAA11022143F8B00931F3E /* BackendAPIRequest.swift */; };
		FFBAA11722143F8B00931F3E /* BaseBackendService.swift in Sources */ = {isa = PBXBuildFile; fileRef = FFBAA11322143F8B00931F3E /* BaseBackendService.swift */; };
		FFBAA11B221441B900931F3E /* ResponseParsedItem.swift in Sources */ = {isa = PBXBuildFile; fileRef = FFBAA11A221441B900931F3E /* ResponseParsedItem.swift */; };
		FFBAA1202214420700931F3E /* UniversitySearchRequest.swift in Sources */ = {isa = PBXBuildFile; fileRef = FFBAA11F2214420700931F3E /* UniversitySearchRequest.swift */; };
		FFBAA122221443B800931F3E /* UniversityLogoRequest.swift in Sources */ = {isa = PBXBuildFile; fileRef = FFBAA121221443B800931F3E /* UniversityLogoRequest.swift */; };
		FFBAA124221444B100931F3E /* UniversitySearchResponse.swift in Sources */ = {isa = PBXBuildFile; fileRef = FFBAA123221444B100931F3E /* UniversitySearchResponse.swift */; };
		FFBAA128221455AD00931F3E /* UniversitySearchService.swift in Sources */ = {isa = PBXBuildFile; fileRef = FFBAA127221455AD00931F3E /* UniversitySearchService.swift */; };
		FFBAA12B2214651200931F3E /* Collection+CollectionExtensions.swift in Sources */ = {isa = PBXBuildFile; fileRef = FFBAA12A2214651200931F3E /* Collection+CollectionExtensions.swift */; };
		FFBAA12E2214968900931F3E /* University.swift in Sources */ = {isa = PBXBuildFile; fileRef = FFBAA12D2214968900931F3E /* University.swift */; };
		FFBAA1302214A25700931F3E /* UniversitySearchProvider.swift in Sources */ = {isa = PBXBuildFile; fileRef = FFBAA12F2214A25700931F3E /* UniversitySearchProvider.swift */; };
/* End PBXBuildFile section */

/* Begin PBXFileReference section */
		FFBAA0C822130C1200931F3E /* VerintTask.app */ = {isa = PBXFileReference; explicitFileType = wrapper.application; includeInIndex = 0; path = VerintTask.app; sourceTree = BUILT_PRODUCTS_DIR; };
		FFBAA0CB22130C1200931F3E /* AppDelegate.swift */ = {isa = PBXFileReference; lastKnownFileType = sourcecode.swift; path = AppDelegate.swift; sourceTree = "<group>"; };
		FFBAA0CD22130C1200931F3E /* MainSearchViewController.swift */ = {isa = PBXFileReference; lastKnownFileType = sourcecode.swift; path = MainSearchViewController.swift; sourceTree = "<group>"; };
		FFBAA0D022130C1200931F3E /* Base */ = {isa = PBXFileReference; lastKnownFileType = file.storyboard; name = Base; path = Base.lproj/Main.storyboard; sourceTree = "<group>"; };
		FFBAA0D222130C1300931F3E /* Assets.xcassets */ = {isa = PBXFileReference; lastKnownFileType = folder.assetcatalog; path = Assets.xcassets; sourceTree = "<group>"; };
		FFBAA0D522130C1300931F3E /* Base */ = {isa = PBXFileReference; lastKnownFileType = file.storyboard; name = Base; path = Base.lproj/LaunchScreen.storyboard; sourceTree = "<group>"; };
		FFBAA0D722130C1300931F3E /* Info.plist */ = {isa = PBXFileReference; lastKnownFileType = text.plist.xml; path = Info.plist; sourceTree = "<group>"; };
		FFBAA0E522130F3800931F3E /* DetailViewController.swift */ = {isa = PBXFileReference; lastKnownFileType = sourcecode.swift; path = DetailViewController.swift; sourceTree = "<group>"; };
		FFBAA0E9221311B100931F3E /* MainSearchControllerCell.xib */ = {isa = PBXFileReference; lastKnownFileType = file.xib; path = MainSearchControllerCell.xib; sourceTree = "<group>"; };
		FFBAA0EB221311E600931F3E /* MainSearchControllerCell.swift */ = {isa = PBXFileReference; lastKnownFileType = sourcecode.swift; path = MainSearchControllerCell.swift; sourceTree = "<group>"; };
		FFBAA0F022133D9200931F3E /* Segues.swift */ = {isa = PBXFileReference; fileEncoding = 4; lastKnownFileType = sourcecode.swift; path = Segues.swift; sourceTree = "<group>"; };
		FFBAA0F122133D9200931F3E /* Images.swift */ = {isa = PBXFileReference; fileEncoding = 4; lastKnownFileType = sourcecode.swift; path = Images.swift; sourceTree = "<group>"; };
		FFBAA0F222133D9300931F3E /* Storyboards.swift */ = {isa = PBXFileReference; fileEncoding = 4; lastKnownFileType = sourcecode.swift; path = Storyboards.swift; sourceTree = "<group>"; };
		FFBAA0FA22133E3900931F3E /* en */ = {isa = PBXFileReference; lastKnownFileType = text.plist.strings; name = en; path = en.lproj/Localizable.strings; sourceTree = "<group>"; };
		FFBAA0FC22133F9F00931F3E /* Strings.swift */ = {isa = PBXFileReference; fileEncoding = 4; lastKnownFileType = sourcecode.swift; path = Strings.swift; sourceTree = "<group>"; };
		FFBAA0FF221340C500931F3E /* UIVIew+NibInstantiatable.swift */ = {isa = PBXFileReference; fileEncoding = 4; lastKnownFileType = sourcecode.swift; path = "UIVIew+NibInstantiatable.swift"; sourceTree = "<group>"; };
		FFBAA100221340C500931F3E /* UIViewController+StoryboardInstantiatable.swift */ = {isa = PBXFileReference; fileEncoding = 4; lastKnownFileType = sourcecode.swift; path = "UIViewController+StoryboardInstantiatable.swift"; sourceTree = "<group>"; };
		FFBAA1052213657A00931F3E /* UIView+Constraints.swift */ = {isa = PBXFileReference; lastKnownFileType = sourcecode.swift; path = "UIView+Constraints.swift"; sourceTree = "<group>"; };
		FFBAA10822143DE700931F3E /* NetworkService.swift */ = {isa = PBXFileReference; fileEncoding = 4; lastKnownFileType = sourcecode.swift; path = NetworkService.swift; sourceTree = "<group>"; };
		FFBAA10922143DE700931F3E /* URLSessionPinningDelegate.swift */ = {isa = PBXFileReference; fileEncoding = 4; lastKnownFileType = sourcecode.swift; path = URLSessionPinningDelegate.swift; sourceTree = "<group>"; };
		FFBAA10D22143E1C00931F3E /* CoreError.swift */ = {isa = PBXFileReference; fileEncoding = 4; lastKnownFileType = sourcecode.swift; path = CoreError.swift; sourceTree = "<group>"; };
		FFBAA11022143F8B00931F3E /* BackendAPIRequest.swift */ = {isa = PBXFileReference; fileEncoding = 4; lastKnownFileType = sourcecode.swift; path = BackendAPIRequest.swift; sourceTree = "<group>"; };
		FFBAA11322143F8B00931F3E /* BaseBackendService.swift */ = {isa = PBXFileReference; fileEncoding = 4; lastKnownFileType = sourcecode.swift; path = BaseBackendService.swift; sourceTree = "<group>"; };
		FFBAA11A221441B900931F3E /* ResponseParsedItem.swift */ = {isa = PBXFileReference; fileEncoding = 4; lastKnownFileType = sourcecode.swift; path = ResponseParsedItem.swift; sourceTree = "<group>"; };
		FFBAA11F2214420700931F3E /* UniversitySearchRequest.swift */ = {isa = PBXFileReference; fileEncoding = 4; lastKnownFileType = sourcecode.swift; path = UniversitySearchRequest.swift; sourceTree = "<group>"; };
		FFBAA121221443B800931F3E /* UniversityLogoRequest.swift */ = {isa = PBXFileReference; lastKnownFileType = sourcecode.swift; path = UniversityLogoRequest.swift; sourceTree = "<group>"; };
		FFBAA123221444B100931F3E /* UniversitySearchResponse.swift */ = {isa = PBXFileReference; lastKnownFileType = sourcecode.swift; path = UniversitySearchResponse.swift; sourceTree = "<group>"; };
		FFBAA127221455AD00931F3E /* UniversitySearchService.swift */ = {isa = PBXFileReference; lastKnownFileType = sourcecode.swift; path = UniversitySearchService.swift; sourceTree = "<group>"; };
		FFBAA12A2214651200931F3E /* Collection+CollectionExtensions.swift */ = {isa = PBXFileReference; lastKnownFileType = sourcecode.swift; path = "Collection+CollectionExtensions.swift"; sourceTree = "<group>"; };
		FFBAA12D2214968900931F3E /* University.swift */ = {isa = PBXFileReference; lastKnownFileType = sourcecode.swift; path = University.swift; sourceTree = "<group>"; };
		FFBAA12F2214A25700931F3E /* UniversitySearchProvider.swift */ = {isa = PBXFileReference; lastKnownFileType = sourcecode.swift; path = UniversitySearchProvider.swift; sourceTree = "<group>"; };
/* End PBXFileReference section */

/* Begin PBXFrameworksBuildPhase section */
		FFBAA0C522130C1200931F3E /* Frameworks */ = {
			isa = PBXFrameworksBuildPhase;
			buildActionMask = 2147483647;
			files = (
			);
			runOnlyForDeploymentPostprocessing = 0;
		};
/* End PBXFrameworksBuildPhase section */

/* Begin PBXGroup section */
		FFBAA0BF22130C1200931F3E = {
			isa = PBXGroup;
			children = (
				FFBAA0CA22130C1200931F3E /* VerintTask */,
				FFBAA0C922130C1200931F3E /* Products */,
			);
			sourceTree = "<group>";
		};
		FFBAA0C922130C1200931F3E /* Products */ = {
			isa = PBXGroup;
			children = (
				FFBAA0C822130C1200931F3E /* VerintTask.app */,
			);
			name = Products;
			sourceTree = "<group>";
		};
		FFBAA0CA22130C1200931F3E /* VerintTask */ = {
			isa = PBXGroup;
			children = (
				FFBAA0CB22130C1200931F3E /* AppDelegate.swift */,
				FFBAA0E222130ECE00931F3E /* Resources */,
				FFBAA0DF22130E6300931F3E /* Common */,
				FFBAA0E122130EAA00931F3E /* Modules */,
			);
			path = VerintTask;
			sourceTree = "<group>";
		};
		FFBAA0DD22130E4300931F3E /* ServiceLayer */ = {
			isa = PBXGroup;
			children = (
				FFBAA127221455AD00931F3E /* UniversitySearchService.swift */,
			);
			path = ServiceLayer;
			sourceTree = "<group>";
		};
		FFBAA0DE22130E5900931F3E /* StorageLayer */ = {
			isa = PBXGroup;
			children = (
				FFBAA12F2214A25700931F3E /* UniversitySearchProvider.swift */,
			);
			path = StorageLayer;
			sourceTree = "<group>";
		};
		FFBAA0DF22130E6300931F3E /* Common */ = {
			isa = PBXGroup;
			children = (
				FFBAA0EF22133A6100931F3E /* Constants */,
				FFBAA103221364B200931F3E /* Extensions */,
				FFBAA0E322130EF200931F3E /* Views */,
				FFBAA0EE2213349A00931F3E /* Model */,
			);
			path = Common;
			sourceTree = "<group>";
		};
		FFBAA0E122130EAA00931F3E /* Modules */ = {
			isa = PBXGroup;
			children = (
				FFBAA0E422130F0400931F3E /* Main */,
			);
			path = Modules;
			sourceTree = "<group>";
		};
		FFBAA0E222130ECE00931F3E /* Resources */ = {
			isa = PBXGroup;
			children = (
				FFBAA0F822133E2600931F3E /* Localization */,
				FFBAA0CF22130C1200931F3E /* Main.storyboard */,
				FFBAA0D222130C1300931F3E /* Assets.xcassets */,
				FFBAA0D422130C1300931F3E /* LaunchScreen.storyboard */,
				FFBAA0D722130C1300931F3E /* Info.plist */,
			);
			path = Resources;
			sourceTree = "<group>";
		};
		FFBAA0E322130EF200931F3E /* Views */ = {
			isa = PBXGroup;
			children = (
				FFBAA0E72213118100931F3E /* TableCells */,
			);
			path = Views;
			sourceTree = "<group>";
		};
		FFBAA0E422130F0400931F3E /* Main */ = {
			isa = PBXGroup;
			children = (
				FFBAA0CD22130C1200931F3E /* MainSearchViewController.swift */,
				FFBAA0E522130F3800931F3E /* DetailViewController.swift */,
			);
			path = Main;
			sourceTree = "<group>";
		};
		FFBAA0E72213118100931F3E /* TableCells */ = {
			isa = PBXGroup;
			children = (
				FFBAA0E82213118C00931F3E /* MainSearchControllerCell */,
			);
			path = TableCells;
			sourceTree = "<group>";
		};
		FFBAA0E82213118C00931F3E /* MainSearchControllerCell */ = {
			isa = PBXGroup;
			children = (
				FFBAA0E9221311B100931F3E /* MainSearchControllerCell.xib */,
				FFBAA0EB221311E600931F3E /* MainSearchControllerCell.swift */,
			);
			path = MainSearchControllerCell;
			sourceTree = "<group>";
		};
		FFBAA0ED2213346400931F3E /* Client */ = {
			isa = PBXGroup;
			children = (
				FFBAA118221440AC00931F3E /* Core */,
			);
			path = Client;
			sourceTree = "<group>";
		};
		FFBAA0EE2213349A00931F3E /* Model */ = {
			isa = PBXGroup;
			children = (
				FFBAA11C221441CB00931F3E /* Entities */,
				FFBAA0ED2213346400931F3E /* Client */,
				FFBAA0DE22130E5900931F3E /* StorageLayer */,
				FFBAA0DD22130E4300931F3E /* ServiceLayer */,
			);
			path = Model;
			sourceTree = "<group>";
		};
		FFBAA0EF22133A6100931F3E /* Constants */ = {
			isa = PBXGroup;
			children = (
				FFBAA0FC22133F9F00931F3E /* Strings.swift */,
				FFBAA0F122133D9200931F3E /* Images.swift */,
				FFBAA0F022133D9200931F3E /* Segues.swift */,
				FFBAA0F222133D9300931F3E /* Storyboards.swift */,
			);
			path = Constants;
			sourceTree = "<group>";
		};
		FFBAA0F822133E2600931F3E /* Localization */ = {
			isa = PBXGroup;
			children = (
				FFBAA0FB22133E3900931F3E /* Localizable.strings */,
			);
			path = Localization;
			sourceTree = "<group>";
		};
		FFBAA0FE221340C500931F3E /* NibInstantiatable */ = {
			isa = PBXGroup;
			children = (
				FFBAA0FF221340C500931F3E /* UIVIew+NibInstantiatable.swift */,
				FFBAA100221340C500931F3E /* UIViewController+StoryboardInstantiatable.swift */,
			);
			name = NibInstantiatable;
			path = VerintTask/Common/Extensions/UIView/NibInstantiatable;
			sourceTree = SOURCE_ROOT;
		};
		FFBAA103221364B200931F3E /* Extensions */ = {
			isa = PBXGroup;
			children = (
				FFBAA1292214641400931F3E /* Collection */,
				FFBAA1042213656100931F3E /* UIView */,
			);
			path = Extensions;
			sourceTree = "<group>";
		};
		FFBAA1042213656100931F3E /* UIView */ = {
			isa = PBXGroup;
			children = (
				FFBAA0FE221340C500931F3E /* NibInstantiatable */,
				FFBAA1052213657A00931F3E /* UIView+Constraints.swift */,
			);
			path = UIView;
			sourceTree = "<group>";
		};
		FFBAA10722143DE700931F3E /* Network */ = {
			isa = PBXGroup;
			children = (
				FFBAA10822143DE700931F3E /* NetworkService.swift */,
				FFBAA10922143DE700931F3E /* URLSessionPinningDelegate.swift */,
			);
			path = Network;
			sourceTree = "<group>";
		};
		FFBAA10C22143E1C00931F3E /* Errors */ = {
			isa = PBXGroup;
			children = (
				FFBAA10D22143E1C00931F3E /* CoreError.swift */,
			);
			path = Errors;
			sourceTree = "<group>";
		};
		FFBAA10F22143F8B00931F3E /* Backend */ = {
			isa = PBXGroup;
			children = (
				FFBAA11022143F8B00931F3E /* BackendAPIRequest.swift */,
				FFBAA11322143F8B00931F3E /* BaseBackendService.swift */,
			);
			path = Backend;
			sourceTree = "<group>";
		};
		FFBAA118221440AC00931F3E /* Core */ = {
			isa = PBXGroup;
			children = (
				FFBAA119221441B800931F3E /* Mapping */,
				FFBAA10F22143F8B00931F3E /* Backend */,
				FFBAA10C22143E1C00931F3E /* Errors */,
				FFBAA10722143DE700931F3E /* Network */,
			);
			path = Core;
			sourceTree = "<group>";
		};
		FFBAA119221441B800931F3E /* Mapping */ = {
			isa = PBXGroup;
			children = (
				FFBAA11A221441B900931F3E /* ResponseParsedItem.swift */,
			);
			path = Mapping;
			sourceTree = "<group>";
		};
		FFBAA11C221441CB00931F3E /* Entities */ = {
			isa = PBXGroup;
			children = (
				FFBAA12C2214963C00931F3E /* BuisnessLogicModels */,
				FFBAA11E221441E100931F3E /* Response */,
				FFBAA11D221441DA00931F3E /* Request */,
			);
			path = Entities;
			sourceTree = "<group>";
		};
		FFBAA11D221441DA00931F3E /* Request */ = {
			isa = PBXGroup;
			children = (
				FFBAA11F2214420700931F3E /* UniversitySearchRequest.swift */,
				FFBAA121221443B800931F3E /* UniversityLogoRequest.swift */,
			);
			path = Request;
			sourceTree = "<group>";
		};
		FFBAA11E221441E100931F3E /* Response */ = {
			isa = PBXGroup;
			children = (
				FFBAA123221444B100931F3E /* UniversitySearchResponse.swift */,
			);
			path = Response;
			sourceTree = "<group>";
		};
		FFBAA1292214641400931F3E /* Collection */ = {
			isa = PBXGroup;
			children = (
				FFBAA12A2214651200931F3E /* Collection+CollectionExtensions.swift */,
			);
			path = Collection;
			sourceTree = "<group>";
		};
		FFBAA12C2214963C00931F3E /* BuisnessLogicModels */ = {
			isa = PBXGroup;
			children = (
				FFBAA12D2214968900931F3E /* University.swift */,
			);
			path = BuisnessLogicModels;
			sourceTree = "<group>";
		};
/* End PBXGroup section */

/* Begin PBXNativeTarget section */
		FFBAA0C722130C1200931F3E /* VerintTask */ = {
			isa = PBXNativeTarget;
			buildConfigurationList = FFBAA0DA22130C1300931F3E /* Build configuration list for PBXNativeTarget "VerintTask" */;
			buildPhases = (
				FFBAA0C422130C1200931F3E /* Sources */,
				FFBAA0C522130C1200931F3E /* Frameworks */,
				FFBAA0C622130C1200931F3E /* Resources */,
			);
			buildRules = (
			);
			dependencies = (
			);
			name = VerintTask;
			productName = VerintTask;
			productReference = FFBAA0C822130C1200931F3E /* VerintTask.app */;
			productType = "com.apple.product-type.application";
		};
/* End PBXNativeTarget section */

/* Begin PBXProject section */
		FFBAA0C022130C1200931F3E /* Project object */ = {
			isa = PBXProject;
			attributes = {
				LastSwiftUpdateCheck = 1010;
				LastUpgradeCheck = 1010;
				ORGANIZATIONNAME = astafeev;
				TargetAttributes = {
					FFBAA0C722130C1200931F3E = {
						CreatedOnToolsVersion = 10.1;
					};
				};
			};
			buildConfigurationList = FFBAA0C322130C1200931F3E /* Build configuration list for PBXProject "VerintTask" */;
			compatibilityVersion = "Xcode 9.3";
			developmentRegion = en;
			hasScannedForEncodings = 0;
			knownRegions = (
				en,
				Base,
			);
			mainGroup = FFBAA0BF22130C1200931F3E;
			productRefGroup = FFBAA0C922130C1200931F3E /* Products */;
			projectDirPath = "";
			projectRoot = "";
			targets = (
				FFBAA0C722130C1200931F3E /* VerintTask */,
			);
		};
/* End PBXProject section */

/* Begin PBXResourcesBuildPhase section */
		FFBAA0C622130C1200931F3E /* Resources */ = {
			isa = PBXResourcesBuildPhase;
			buildActionMask = 2147483647;
			files = (
				FFBAA0F922133E3900931F3E /* Localizable.strings in Resources */,
				FFBAA0EA221311B100931F3E /* MainSearchControllerCell.xib in Resources */,
				FFBAA0D622130C1300931F3E /* LaunchScreen.storyboard in Resources */,
				FFBAA0D322130C1300931F3E /* Assets.xcassets in Resources */,
				FFBAA0D122130C1200931F3E /* Main.storyboard in Resources */,
			);
			runOnlyForDeploymentPostprocessing = 0;
		};
/* End PBXResourcesBuildPhase section */

/* Begin PBXSourcesBuildPhase section */
		FFBAA0C422130C1200931F3E /* Sources */ = {
			isa = PBXSourcesBuildPhase;
			buildActionMask = 2147483647;
			files = (
				FFBAA1202214420700931F3E /* UniversitySearchRequest.swift in Sources */,
				FFBAA128221455AD00931F3E /* UniversitySearchService.swift in Sources */,
				FFBAA11B221441B900931F3E /* ResponseParsedItem.swift in Sources */,
				FFBAA122221443B800931F3E /* UniversityLogoRequest.swift in Sources */,
				FFBAA102221340C500931F3E /* UIViewController+StoryboardInstantiatable.swift in Sources */,
				FFBAA0EC221311E600931F3E /* MainSearchControllerCell.swift in Sources */,
				FFBAA12E2214968900931F3E /* University.swift in Sources */,
				FFBAA0F422133D9300931F3E /* Images.swift in Sources */,
				FFBAA0FD22133F9F00931F3E /* Strings.swift in Sources */,
				FFBAA101221340C500931F3E /* UIVIew+NibInstantiatable.swift in Sources */,
				FFBAA1302214A25700931F3E /* UniversitySearchProvider.swift in Sources */,
				FFBAA0E622130F3800931F3E /* DetailViewController.swift in Sources */,
				FFBAA0F322133D9300931F3E /* Segues.swift in Sources */,
				FFBAA11422143F8B00931F3E /* BackendAPIRequest.swift in Sources */,
				FFBAA10E22143E1C00931F3E /* CoreError.swift in Sources */,
				FFBAA0CE22130C1200931F3E /* MainSearchViewController.swift in Sources */,
				FFBAA0CC22130C1200931F3E /* AppDelegate.swift in Sources */,
				FFBAA10B22143DE700931F3E /* URLSessionPinningDelegate.swift in Sources */,
				FFBAA1062213657A00931F3E /* UIView+Constraints.swift in Sources */,
				FFBAA12B2214651200931F3E /* Collection+CollectionExtensions.swift in Sources */,
				FFBAA11722143F8B00931F3E /* BaseBackendService.swift in Sources */,
				FFBAA10A22143DE700931F3E /* NetworkService.swift in Sources */,
				FFBAA0F522133D9300931F3E /* Storyboards.swift in Sources */,
				FFBAA124221444B100931F3E /* UniversitySearchResponse.swift in Sources */,
			);
			runOnlyForDeploymentPostprocessing = 0;
		};
/* End PBXSourcesBuildPhase section */

/* Begin PBXVariantGroup section */
		FFBAA0CF22130C1200931F3E /* Main.storyboard */ = {
			isa = PBXVariantGroup;
			children = (
				FFBAA0D022130C1200931F3E /* Base */,
			);
			name = Main.storyboard;
			sourceTree = "<group>";
		};
		FFBAA0D422130C1300931F3E /* LaunchScreen.storyboard */ = {
			isa = PBXVariantGroup;
			children = (
				FFBAA0D522130C1300931F3E /* Base */,
			);
			name = LaunchScreen.storyboard;
			sourceTree = "<group>";
		};
		FFBAA0FB22133E3900931F3E /* Localizable.strings */ = {
			isa = PBXVariantGroup;
			children = (
				FFBAA0FA22133E3900931F3E /* en */,
			);
			name = Localizable.strings;
			sourceTree = "<group>";
		};
/* End PBXVariantGroup section */

/* Begin XCBuildConfiguration section */
		FFBAA0D822130C1300931F3E /* Debug */ = {
			isa = XCBuildConfiguration;
			buildSettings = {
				ALWAYS_SEARCH_USER_PATHS = NO;
				CLANG_ANALYZER_NONNULL = YES;
				CLANG_ANALYZER_NUMBER_OBJECT_CONVERSION = YES_AGGRESSIVE;
				CLANG_CXX_LANGUAGE_STANDARD = "gnu++14";
				CLANG_CXX_LIBRARY = "libc++";
				CLANG_ENABLE_MODULES = YES;
				CLANG_ENABLE_OBJC_ARC = YES;
				CLANG_ENABLE_OBJC_WEAK = YES;
				CLANG_WARN_BLOCK_CAPTURE_AUTORELEASING = YES;
				CLANG_WARN_BOOL_CONVERSION = YES;
				CLANG_WARN_COMMA = YES;
				CLANG_WARN_CONSTANT_CONVERSION = YES;
				CLANG_WARN_DEPRECATED_OBJC_IMPLEMENTATIONS = YES;
				CLANG_WARN_DIRECT_OBJC_ISA_USAGE = YES_ERROR;
				CLANG_WARN_DOCUMENTATION_COMMENTS = YES;
				CLANG_WARN_EMPTY_BODY = YES;
				CLANG_WARN_ENUM_CONVERSION = YES;
				CLANG_WARN_INFINITE_RECURSION = YES;
				CLANG_WARN_INT_CONVERSION = YES;
				CLANG_WARN_NON_LITERAL_NULL_CONVERSION = YES;
				CLANG_WARN_OBJC_IMPLICIT_RETAIN_SELF = YES;
				CLANG_WARN_OBJC_LITERAL_CONVERSION = YES;
				CLANG_WARN_OBJC_ROOT_CLASS = YES_ERROR;
				CLANG_WARN_RANGE_LOOP_ANALYSIS = YES;
				CLANG_WARN_STRICT_PROTOTYPES = YES;
				CLANG_WARN_SUSPICIOUS_MOVE = YES;
				CLANG_WARN_UNGUARDED_AVAILABILITY = YES_AGGRESSIVE;
				CLANG_WARN_UNREACHABLE_CODE = YES;
				CLANG_WARN__DUPLICATE_METHOD_MATCH = YES;
				CODE_SIGN_IDENTITY = "iPhone Developer";
				COPY_PHASE_STRIP = NO;
				DEBUG_INFORMATION_FORMAT = dwarf;
				ENABLE_STRICT_OBJC_MSGSEND = YES;
				ENABLE_TESTABILITY = YES;
				GCC_C_LANGUAGE_STANDARD = gnu11;
				GCC_DYNAMIC_NO_PIC = NO;
				GCC_NO_COMMON_BLOCKS = YES;
				GCC_OPTIMIZATION_LEVEL = 0;
				GCC_PREPROCESSOR_DEFINITIONS = (
					"DEBUG=1",
					"$(inherited)",
				);
				GCC_WARN_64_TO_32_BIT_CONVERSION = YES;
				GCC_WARN_ABOUT_RETURN_TYPE = YES_ERROR;
				GCC_WARN_UNDECLARED_SELECTOR = YES;
				GCC_WARN_UNINITIALIZED_AUTOS = YES_AGGRESSIVE;
				GCC_WARN_UNUSED_FUNCTION = YES;
				GCC_WARN_UNUSED_VARIABLE = YES;
				IPHONEOS_DEPLOYMENT_TARGET = 12.1;
				MTL_ENABLE_DEBUG_INFO = INCLUDE_SOURCE;
				MTL_FAST_MATH = YES;
				ONLY_ACTIVE_ARCH = YES;
				SDKROOT = iphoneos;
				SWIFT_ACTIVE_COMPILATION_CONDITIONS = DEBUG;
				SWIFT_OPTIMIZATION_LEVEL = "-Onone";
			};
			name = Debug;
		};
		FFBAA0D922130C1300931F3E /* Release */ = {
			isa = XCBuildConfiguration;
			buildSettings = {
				ALWAYS_SEARCH_USER_PATHS = NO;
				CLANG_ANALYZER_NONNULL = YES;
				CLANG_ANALYZER_NUMBER_OBJECT_CONVERSION = YES_AGGRESSIVE;
				CLANG_CXX_LANGUAGE_STANDARD = "gnu++14";
				CLANG_CXX_LIBRARY = "libc++";
				CLANG_ENABLE_MODULES = YES;
				CLANG_ENABLE_OBJC_ARC = YES;
				CLANG_ENABLE_OBJC_WEAK = YES;
				CLANG_WARN_BLOCK_CAPTURE_AUTORELEASING = YES;
				CLANG_WARN_BOOL_CONVERSION = YES;
				CLANG_WARN_COMMA = YES;
				CLANG_WARN_CONSTANT_CONVERSION = YES;
				CLANG_WARN_DEPRECATED_OBJC_IMPLEMENTATIONS = YES;
				CLANG_WARN_DIRECT_OBJC_ISA_USAGE = YES_ERROR;
				CLANG_WARN_DOCUMENTATION_COMMENTS = YES;
				CLANG_WARN_EMPTY_BODY = YES;
				CLANG_WARN_ENUM_CONVERSION = YES;
				CLANG_WARN_INFINITE_RECURSION = YES;
				CLANG_WARN_INT_CONVERSION = YES;
				CLANG_WARN_NON_LITERAL_NULL_CONVERSION = YES;
				CLANG_WARN_OBJC_IMPLICIT_RETAIN_SELF = YES;
				CLANG_WARN_OBJC_LITERAL_CONVERSION = YES;
				CLANG_WARN_OBJC_ROOT_CLASS = YES_ERROR;
				CLANG_WARN_RANGE_LOOP_ANALYSIS = YES;
				CLANG_WARN_STRICT_PROTOTYPES = YES;
				CLANG_WARN_SUSPICIOUS_MOVE = YES;
				CLANG_WARN_UNGUARDED_AVAILABILITY = YES_AGGRESSIVE;
				CLANG_WARN_UNREACHABLE_CODE = YES;
				CLANG_WARN__DUPLICATE_METHOD_MATCH = YES;
				CODE_SIGN_IDENTITY = "iPhone Developer";
				COPY_PHASE_STRIP = NO;
				DEBUG_INFORMATION_FORMAT = "dwarf-with-dsym";
				ENABLE_NS_ASSERTIONS = NO;
				ENABLE_STRICT_OBJC_MSGSEND = YES;
				GCC_C_LANGUAGE_STANDARD = gnu11;
				GCC_NO_COMMON_BLOCKS = YES;
				GCC_WARN_64_TO_32_BIT_CONVERSION = YES;
				GCC_WARN_ABOUT_RETURN_TYPE = YES_ERROR;
				GCC_WARN_UNDECLARED_SELECTOR = YES;
				GCC_WARN_UNINITIALIZED_AUTOS = YES_AGGRESSIVE;
				GCC_WARN_UNUSED_FUNCTION = YES;
				GCC_WARN_UNUSED_VARIABLE = YES;
				IPHONEOS_DEPLOYMENT_TARGET = 12.1;
				MTL_ENABLE_DEBUG_INFO = NO;
				MTL_FAST_MATH = YES;
				SDKROOT = iphoneos;
				SWIFT_COMPILATION_MODE = wholemodule;
				SWIFT_OPTIMIZATION_LEVEL = "-O";
				VALIDATE_PRODUCT = YES;
			};
			name = Release;
		};
		FFBAA0DB22130C1300931F3E /* Debug */ = {
			isa = XCBuildConfiguration;
			buildSettings = {
				ASSETCATALOG_COMPILER_APPICON_NAME = AppIcon;
				CODE_SIGN_STYLE = Automatic;
				DEVELOPMENT_TEAM = J845CVVRG5;
				INFOPLIST_FILE = "$(SRCROOT)/VerintTask/Resources/Info.plist";
				LD_RUNPATH_SEARCH_PATHS = (
					"$(inherited)",
					"@executable_path/Frameworks",
				);
				PRODUCT_BUNDLE_IDENTIFIER = com.noegon.VerintTask;
				PRODUCT_NAME = "$(TARGET_NAME)";
				SWIFT_VERSION = 4.2;
				TARGETED_DEVICE_FAMILY = "1,2";
			};
			name = Debug;
		};
		FFBAA0DC22130C1300931F3E /* Release */ = {
			isa = XCBuildConfiguration;
			buildSettings = {
				ASSETCATALOG_COMPILER_APPICON_NAME = AppIcon;
				CODE_SIGN_STYLE = Automatic;
				DEVELOPMENT_TEAM = J845CVVRG5;
				INFOPLIST_FILE = "$(SRCROOT)/VerintTask/Resources/Info.plist";
				LD_RUNPATH_SEARCH_PATHS = (
					"$(inherited)",
					"@executable_path/Frameworks",
				);
				PRODUCT_BUNDLE_IDENTIFIER = com.noegon.VerintTask;
				PRODUCT_NAME = "$(TARGET_NAME)";
				SWIFT_VERSION = 4.2;
				TARGETED_DEVICE_FAMILY = "1,2";
			};
			name = Release;
		};
/* End XCBuildConfiguration section */

/* Begin XCConfigurationList section */
		FFBAA0C322130C1200931F3E /* Build configuration list for PBXProject "VerintTask" */ = {
			isa = XCConfigurationList;
			buildConfigurations = (
				FFBAA0D822130C1300931F3E /* Debug */,
				FFBAA0D922130C1300931F3E /* Release */,
			);
			defaultConfigurationIsVisible = 0;
			defaultConfigurationName = Release;
		};
		FFBAA0DA22130C1300931F3E /* Build configuration list for PBXNativeTarget "VerintTask" */ = {
			isa = XCConfigurationList;
			buildConfigurations = (
				FFBAA0DB22130C1300931F3E /* Debug */,
				FFBAA0DC22130C1300931F3E /* Release */,
			);
			defaultConfigurationIsVisible = 0;
			defaultConfigurationName = Release;
		};
/* End XCConfigurationList section */
	};
	rootObject = FFBAA0C022130C1200931F3E /* Project object */;
}
