// !$*UTF8*$!
{
	archiveVersion = 1;
	classes = {
	};
	objectVersion = 50;
	objects = {

/* Begin PBXBuildFile section */
		FFBAA0CC22130C1200931F3E /* AppDelegate.swift in Sources */ = {isa = PBXBuildFile; fileRef = FFBAA0CB22130C1200931F3E /* AppDelegate.swift */; };
		FFBAA0CE22130C1200931F3E /* MainSearchViewController.swift in Sources */ = {isa = PBXBuildFile; fileRef = FFBAA0CD22130C1200931F3E /* MainSearchViewController.swift */; };
		FFBAA0D122130C1200931F3E /* Main.storyboard in Resources */ = {isa = PBXBuildFile; fileRef = FFBAA0CF22130C1200931F3E /* Main.storyboard */; };
		FFBAA0D322130C1300931F3E /* Assets.xcassets in Resources */ = {isa = PBXBuildFile; fileRef = FFBAA0D222130C1300931F3E /* Assets.xcassets */; };
		FFBAA0D622130C1300931F3E /* LaunchScreen.storyboard in Resources */ = {isa = PBXBuildFile; fileRef = FFBAA0D422130C1300931F3E /* LaunchScreen.storyboard */; };
		FFBAA0E622130F3800931F3E /* DetailViewController.swift in Sources */ = {isa = PBXBuildFile; fileRef = FFBAA0E522130F3800931F3E /* DetailViewController.swift */; };
		FFBAA15E2214D79900931F3E /* Strings.swift in Sources */ = {isa = PBXBuildFile; fileRef = FFBAA1342214D79900931F3E /* Strings.swift */; };
		FFBAA15F2214D79900931F3E /* Segues.swift in Sources */ = {isa = PBXBuildFile; fileRef = FFBAA1352214D79900931F3E /* Segues.swift */; };
		FFBAA1602214D79900931F3E /* Storyboards.swift in Sources */ = {isa = PBXBuildFile; fileRef = FFBAA1362214D79900931F3E /* Storyboards.swift */; };
		FFBAA1612214D79900931F3E /* Images.swift in Sources */ = {isa = PBXBuildFile; fileRef = FFBAA1372214D79900931F3E /* Images.swift */; };
		FFBAA1622214D79900931F3E /* Collection+CollectionExtensions.swift in Sources */ = {isa = PBXBuildFile; fileRef = FFBAA13A2214D79900931F3E /* Collection+CollectionExtensions.swift */; };
		FFBAA1632214D79900931F3E /* UIView+Constraints.swift in Sources */ = {isa = PBXBuildFile; fileRef = FFBAA13C2214D79900931F3E /* UIView+Constraints.swift */; };
		FFBAA1642214D79900931F3E /* UIVIew+NibInstantiatable.swift in Sources */ = {isa = PBXBuildFile; fileRef = FFBAA13E2214D79900931F3E /* UIVIew+NibInstantiatable.swift */; };
		FFBAA1652214D79900931F3E /* UIViewController+StoryboardInstantiatable.swift in Sources */ = {isa = PBXBuildFile; fileRef = FFBAA13F2214D79900931F3E /* UIViewController+StoryboardInstantiatable.swift */; };
		FFBAA1662214D79900931F3E /* UniversitySearchService.swift in Sources */ = {isa = PBXBuildFile; fileRef = FFBAA1422214D79900931F3E /* UniversitySearchService.swift */; };
		FFBAA1672214D79900931F3E /* UniversitySearchProvider.swift in Sources */ = {isa = PBXBuildFile; fileRef = FFBAA1442214D79900931F3E /* UniversitySearchProvider.swift */; };
		FFBAA1682214D79900931F3E /* ResponseParsedItem.swift in Sources */ = {isa = PBXBuildFile; fileRef = FFBAA1482214D79900931F3E /* ResponseParsedItem.swift */; };
		FFBAA1692214D79900931F3E /* NetworkService.swift in Sources */ = {isa = PBXBuildFile; fileRef = FFBAA14A2214D79900931F3E /* NetworkService.swift */; };
		FFBAA16A2214D79900931F3E /* URLSessionPinningDelegate.swift in Sources */ = {isa = PBXBuildFile; fileRef = FFBAA14B2214D79900931F3E /* URLSessionPinningDelegate.swift */; };
		FFBAA16B2214D79900931F3E /* BackendAPIRequest.swift in Sources */ = {isa = PBXBuildFile; fileRef = FFBAA14D2214D79900931F3E /* BackendAPIRequest.swift */; };
		FFBAA16C2214D79900931F3E /* BaseBackendService.swift in Sources */ = {isa = PBXBuildFile; fileRef = FFBAA14E2214D79900931F3E /* BaseBackendService.swift */; };
		FFBAA16D2214D79900931F3E /* CoreError.swift in Sources */ = {isa = PBXBuildFile; fileRef = FFBAA1502214D79900931F3E /* CoreError.swift */; };
		FFBAA16E2214D79900931F3E /* UniversitySearchResponse.swift in Sources */ = {isa = PBXBuildFile; fileRef = FFBAA1532214D79900931F3E /* UniversitySearchResponse.swift */; };
		FFBAA16F2214D79900931F3E /* UniversityLogoRequest.swift in Sources */ = {isa = PBXBuildFile; fileRef = FFBAA1552214D79900931F3E /* UniversityLogoRequest.swift */; };
		FFBAA1702214D79900931F3E /* UniversitySearchRequest.swift in Sources */ = {isa = PBXBuildFile; fileRef = FFBAA1562214D79900931F3E /* UniversitySearchRequest.swift */; };
		FFBAA1712214D79900931F3E /* University.swift in Sources */ = {isa = PBXBuildFile; fileRef = FFBAA1582214D79900931F3E /* University.swift */; };
		FFBAA1722214D79900931F3E /* MainSearchControllerCell.xib in Resources */ = {isa = PBXBuildFile; fileRef = FFBAA15C2214D79900931F3E /* MainSearchControllerCell.xib */; };
		FFBAA1732214D79900931F3E /* MainSearchControllerCell.swift in Sources */ = {isa = PBXBuildFile; fileRef = FFBAA15D2214D79900931F3E /* MainSearchControllerCell.swift */; };
/* End PBXBuildFile section */

/* Begin PBXFileReference section */
		FFBAA0C822130C1200931F3E /* VerintTask.app */ = {isa = PBXFileReference; explicitFileType = wrapper.application; includeInIndex = 0; path = VerintTask.app; sourceTree = BUILT_PRODUCTS_DIR; };
		FFBAA0CB22130C1200931F3E /* AppDelegate.swift */ = {isa = PBXFileReference; lastKnownFileType = sourcecode.swift; path = AppDelegate.swift; sourceTree = "<group>"; };
		FFBAA0CD22130C1200931F3E /* MainSearchViewController.swift */ = {isa = PBXFileReference; lastKnownFileType = sourcecode.swift; path = MainSearchViewController.swift; sourceTree = "<group>"; };
		FFBAA0D022130C1200931F3E /* Base */ = {isa = PBXFileReference; lastKnownFileType = file.storyboard; name = Base; path = Base.lproj/Main.storyboard; sourceTree = "<group>"; };
		FFBAA0D222130C1300931F3E /* Assets.xcassets */ = {isa = PBXFileReference; lastKnownFileType = folder.assetcatalog; path = Assets.xcassets; sourceTree = "<group>"; };
		FFBAA0D522130C1300931F3E /* Base */ = {isa = PBXFileReference; lastKnownFileType = file.storyboard; name = Base; path = Base.lproj/LaunchScreen.storyboard; sourceTree = "<group>"; };
		FFBAA0D722130C1300931F3E /* Info.plist */ = {isa = PBXFileReference; lastKnownFileType = text.plist.xml; path = Info.plist; sourceTree = "<group>"; };
		FFBAA0E522130F3800931F3E /* DetailViewController.swift */ = {isa = PBXFileReference; lastKnownFileType = sourcecode.swift; path = DetailViewController.swift; sourceTree = "<group>"; };
		FFBAA1342214D79900931F3E /* Strings.swift */ = {isa = PBXFileReference; fileEncoding = 4; lastKnownFileType = sourcecode.swift; path = Strings.swift; sourceTree = "<group>"; };
		FFBAA1352214D79900931F3E /* Segues.swift */ = {isa = PBXFileReference; fileEncoding = 4; lastKnownFileType = sourcecode.swift; path = Segues.swift; sourceTree = "<group>"; };
		FFBAA1362214D79900931F3E /* Storyboards.swift */ = {isa = PBXFileReference; fileEncoding = 4; lastKnownFileType = sourcecode.swift; path = Storyboards.swift; sourceTree = "<group>"; };
		FFBAA1372214D79900931F3E /* Images.swift */ = {isa = PBXFileReference; fileEncoding = 4; lastKnownFileType = sourcecode.swift; path = Images.swift; sourceTree = "<group>"; };
		FFBAA13A2214D79900931F3E /* Collection+CollectionExtensions.swift */ = {isa = PBXFileReference; fileEncoding = 4; lastKnownFileType = sourcecode.swift; path = "Collection+CollectionExtensions.swift"; sourceTree = "<group>"; };
		FFBAA13C2214D79900931F3E /* UIView+Constraints.swift */ = {isa = PBXFileReference; fileEncoding = 4; lastKnownFileType = sourcecode.swift; path = "UIView+Constraints.swift"; sourceTree = "<group>"; };
		FFBAA13E2214D79900931F3E /* UIVIew+NibInstantiatable.swift */ = {isa = PBXFileReference; fileEncoding = 4; lastKnownFileType = sourcecode.swift; path = "UIVIew+NibInstantiatable.swift"; sourceTree = "<group>"; };
		FFBAA13F2214D79900931F3E /* UIViewController+StoryboardInstantiatable.swift */ = {isa = PBXFileReference; fileEncoding = 4; lastKnownFileType = sourcecode.swift; path = "UIViewController+StoryboardInstantiatable.swift"; sourceTree = "<group>"; };
		FFBAA1422214D79900931F3E /* UniversitySearchService.swift */ = {isa = PBXFileReference; fileEncoding = 4; lastKnownFileType = sourcecode.swift; path = UniversitySearchService.swift; sourceTree = "<group>"; };
		FFBAA1442214D79900931F3E /* UniversitySearchProvider.swift */ = {isa = PBXFileReference; fileEncoding = 4; lastKnownFileType = sourcecode.swift; path = UniversitySearchProvider.swift; sourceTree = "<group>"; };
		FFBAA1482214D79900931F3E /* ResponseParsedItem.swift */ = {isa = PBXFileReference; fileEncoding = 4; lastKnownFileType = sourcecode.swift; path = ResponseParsedItem.swift; sourceTree = "<group>"; };
		FFBAA14A2214D79900931F3E /* NetworkService.swift */ = {isa = PBXFileReference; fileEncoding = 4; lastKnownFileType = sourcecode.swift; path = NetworkService.swift; sourceTree = "<group>"; };
		FFBAA14B2214D79900931F3E /* URLSessionPinningDelegate.swift */ = {isa = PBXFileReference; fileEncoding = 4; lastKnownFileType = sourcecode.swift; path = URLSessionPinningDelegate.swift; sourceTree = "<group>"; };
		FFBAA14D2214D79900931F3E /* BackendAPIRequest.swift */ = {isa = PBXFileReference; fileEncoding = 4; lastKnownFileType = sourcecode.swift; path = BackendAPIRequest.swift; sourceTree = "<group>"; };
		FFBAA14E2214D79900931F3E /* BaseBackendService.swift */ = {isa = PBXFileReference; fileEncoding = 4; lastKnownFileType = sourcecode.swift; path = BaseBackendService.swift; sourceTree = "<group>"; };
		FFBAA1502214D79900931F3E /* CoreError.swift */ = {isa = PBXFileReference; fileEncoding = 4; lastKnownFileType = sourcecode.swift; path = CoreError.swift; sourceTree = "<group>"; };
		FFBAA1532214D79900931F3E /* UniversitySearchResponse.swift */ = {isa = PBXFileReference; fileEncoding = 4; lastKnownFileType = sourcecode.swift; path = UniversitySearchResponse.swift; sourceTree = "<group>"; };
		FFBAA1552214D79900931F3E /* UniversityLogoRequest.swift */ = {isa = PBXFileReference; fileEncoding = 4; lastKnownFileType = sourcecode.swift; path = UniversityLogoRequest.swift; sourceTree = "<group>"; };
		FFBAA1562214D79900931F3E /* UniversitySearchRequest.swift */ = {isa = PBXFileReference; fileEncoding = 4; lastKnownFileType = sourcecode.swift; path = UniversitySearchRequest.swift; sourceTree = "<group>"; };
		FFBAA1582214D79900931F3E /* University.swift */ = {isa = PBXFileReference; fileEncoding = 4; lastKnownFileType = sourcecode.swift; path = University.swift; sourceTree = "<group>"; };
		FFBAA15C2214D79900931F3E /* MainSearchControllerCell.xib */ = {isa = PBXFileReference; fileEncoding = 4; lastKnownFileType = file.xib; path = MainSearchControllerCell.xib; sourceTree = "<group>"; };
		FFBAA15D2214D79900931F3E /* MainSearchControllerCell.swift */ = {isa = PBXFileReference; fileEncoding = 4; lastKnownFileType = sourcecode.swift; path = MainSearchControllerCell.swift; sourceTree = "<group>"; };
/* End PBXFileReference section */

/* Begin PBXFrameworksBuildPhase section */
		FFBAA0C522130C1200931F3E /* Frameworks */ = {
			isa = PBXFrameworksBuildPhase;
			buildActionMask = 2147483647;
			files = (
			);
			runOnlyForDeploymentPostprocessing = 0;
		};
/* End PBXFrameworksBuildPhase section */

/* Begin PBXGroup section */
		FFBAA0BF22130C1200931F3E = {
			isa = PBXGroup;
			children = (
				FFBAA0CA22130C1200931F3E /* VerintTask */,
				FFBAA0C922130C1200931F3E /* Products */,
			);
			sourceTree = "<group>";
		};
		FFBAA0C922130C1200931F3E /* Products */ = {
			isa = PBXGroup;
			children = (
				FFBAA0C822130C1200931F3E /* VerintTask.app */,
			);
			name = Products;
			sourceTree = "<group>";
		};
		FFBAA0CA22130C1200931F3E /* VerintTask */ = {
			isa = PBXGroup;
			children = (
				FFBAA0CB22130C1200931F3E /* AppDelegate.swift */,
				FFBAA0E222130ECE00931F3E /* Resources */,
				FFBAA1322214D79900931F3E /* Common */,
				FFBAA0E122130EAA00931F3E /* Modules */,
			);
			path = VerintTask;
			sourceTree = "<group>";
		};
		FFBAA0E122130EAA00931F3E /* Modules */ = {
			isa = PBXGroup;
			children = (
				FFBAA0E422130F0400931F3E /* Main */,
			);
			path = Modules;
			sourceTree = "<group>";
		};
		FFBAA0E222130ECE00931F3E /* Resources */ = {
			isa = PBXGroup;
			children = (
				FFBAA0CF22130C1200931F3E /* Main.storyboard */,
				FFBAA0D222130C1300931F3E /* Assets.xcassets */,
				FFBAA0D422130C1300931F3E /* LaunchScreen.storyboard */,
				FFBAA0D722130C1300931F3E /* Info.plist */,
			);
			path = Resources;
			sourceTree = "<group>";
		};
		FFBAA0E422130F0400931F3E /* Main */ = {
			isa = PBXGroup;
			children = (
				FFBAA0CD22130C1200931F3E /* MainSearchViewController.swift */,
				FFBAA0E522130F3800931F3E /* DetailViewController.swift */,
			);
			path = Main;
			sourceTree = "<group>";
		};
		FFBAA1322214D79900931F3E /* Common */ = {
			isa = PBXGroup;
			children = (
				FFBAA1332214D79900931F3E /* Constants */,
				FFBAA1382214D79900931F3E /* Extensions */,
				FFBAA1402214D79900931F3E /* Model */,
				FFBAA1592214D79900931F3E /* Views */,
			);
			path = Common;
			sourceTree = "<group>";
		};
		FFBAA1332214D79900931F3E /* Constants */ = {
			isa = PBXGroup;
			children = (
				FFBAA1342214D79900931F3E /* Strings.swift */,
				FFBAA1352214D79900931F3E /* Segues.swift */,
				FFBAA1362214D79900931F3E /* Storyboards.swift */,
				FFBAA1372214D79900931F3E /* Images.swift */,
			);
			path = Constants;
			sourceTree = "<group>";
		};
		FFBAA1382214D79900931F3E /* Extensions */ = {
			isa = PBXGroup;
			children = (
				FFBAA1392214D79900931F3E /* Collection */,
				FFBAA13B2214D79900931F3E /* UIView */,
			);
			path = Extensions;
			sourceTree = "<group>";
		};
		FFBAA1392214D79900931F3E /* Collection */ = {
			isa = PBXGroup;
			children = (
				FFBAA13A2214D79900931F3E /* Collection+CollectionExtensions.swift */,
			);
			path = Collection;
			sourceTree = "<group>";
		};
		FFBAA13B2214D79900931F3E /* UIView */ = {
			isa = PBXGroup;
			children = (
				FFBAA13C2214D79900931F3E /* UIView+Constraints.swift */,
				FFBAA13D2214D79900931F3E /* NibInstantiatable */,
			);
			path = UIView;
			sourceTree = "<group>";
		};
		FFBAA13D2214D79900931F3E /* NibInstantiatable */ = {
			isa = PBXGroup;
			children = (
				FFBAA13E2214D79900931F3E /* UIVIew+NibInstantiatable.swift */,
				FFBAA13F2214D79900931F3E /* UIViewController+StoryboardInstantiatable.swift */,
			);
			path = NibInstantiatable;
			sourceTree = "<group>";
		};
		FFBAA1402214D79900931F3E /* Model */ = {
			isa = PBXGroup;
			children = (
				FFBAA1412214D79900931F3E /* ServiceLayer */,
				FFBAA1432214D79900931F3E /* StorageLayer */,
				FFBAA1452214D79900931F3E /* Client */,
				FFBAA1512214D79900931F3E /* Entities */,
			);
			path = Model;
			sourceTree = "<group>";
		};
		FFBAA1412214D79900931F3E /* ServiceLayer */ = {
			isa = PBXGroup;
			children = (
				FFBAA1422214D79900931F3E /* UniversitySearchService.swift */,
			);
			path = ServiceLayer;
			sourceTree = "<group>";
		};
		FFBAA1432214D79900931F3E /* StorageLayer */ = {
			isa = PBXGroup;
			children = (
				FFBAA1442214D79900931F3E /* UniversitySearchProvider.swift */,
			);
			path = StorageLayer;
			sourceTree = "<group>";
		};
		FFBAA1452214D79900931F3E /* Client */ = {
			isa = PBXGroup;
			children = (
				FFBAA1462214D79900931F3E /* Core */,
			);
			path = Client;
			sourceTree = "<group>";
		};
		FFBAA1462214D79900931F3E /* Core */ = {
			isa = PBXGroup;
			children = (
				FFBAA1472214D79900931F3E /* Mapping */,
				FFBAA1492214D79900931F3E /* Network */,
				FFBAA14C2214D79900931F3E /* Backend */,
				FFBAA14F2214D79900931F3E /* Errors */,
			);
			path = Core;
			sourceTree = "<group>";
		};
		FFBAA1472214D79900931F3E /* Mapping */ = {
			isa = PBXGroup;
			children = (
				FFBAA1482214D79900931F3E /* ResponseParsedItem.swift */,
			);
			path = Mapping;
			sourceTree = "<group>";
		};
		FFBAA1492214D79900931F3E /* Network */ = {
			isa = PBXGroup;
			children = (
				FFBAA14A2214D79900931F3E /* NetworkService.swift */,
				FFBAA14B2214D79900931F3E /* URLSessionPinningDelegate.swift */,
			);
			path = Network;
			sourceTree = "<group>";
		};
		FFBAA14C2214D79900931F3E /* Backend */ = {
			isa = PBXGroup;
			children = (
				FFBAA14D2214D79900931F3E /* BackendAPIRequest.swift */,
				FFBAA14E2214D79900931F3E /* BaseBackendService.swift */,
			);
			path = Backend;
			sourceTree = "<group>";
		};
		FFBAA14F2214D79900931F3E /* Errors */ = {
			isa = PBXGroup;
			children = (
				FFBAA1502214D79900931F3E /* CoreError.swift */,
			);
			path = Errors;
			sourceTree = "<group>";
		};
		FFBAA1512214D79900931F3E /* Entities */ = {
			isa = PBXGroup;
			children = (
				FFBAA1522214D79900931F3E /* Response */,
				FFBAA1542214D79900931F3E /* Request */,
				FFBAA1572214D79900931F3E /* BuisnessLogicModels */,
			);
			path = Entities;
			sourceTree = "<group>";
		};
		FFBAA1522214D79900931F3E /* Response */ = {
			isa = PBXGroup;
			children = (
				FFBAA1532214D79900931F3E /* UniversitySearchResponse.swift */,
			);
			path = Response;
			sourceTree = "<group>";
		};
		FFBAA1542214D79900931F3E /* Request */ = {
			isa = PBXGroup;
			children = (
				FFBAA1552214D79900931F3E /* UniversityLogoRequest.swift */,
				FFBAA1562214D79900931F3E /* UniversitySearchRequest.swift */,
			);
			path = Request;
			sourceTree = "<group>";
		};
		FFBAA1572214D79900931F3E /* BuisnessLogicModels */ = {
			isa = PBXGroup;
			children = (
				FFBAA1582214D79900931F3E /* University.swift */,
			);
			path = BuisnessLogicModels;
			sourceTree = "<group>";
		};
		FFBAA1592214D79900931F3E /* Views */ = {
			isa = PBXGroup;
			children = (
				FFBAA15A2214D79900931F3E /* TableCells */,
			);
			path = Views;
			sourceTree = "<group>";
		};
		FFBAA15A2214D79900931F3E /* TableCells */ = {
			isa = PBXGroup;
			children = (
				FFBAA15B2214D79900931F3E /* MainSearchControllerCell */,
			);
			path = TableCells;
			sourceTree = "<group>";
		};
		FFBAA15B2214D79900931F3E /* MainSearchControllerCell */ = {
			isa = PBXGroup;
			children = (
				FFBAA15C2214D79900931F3E /* MainSearchControllerCell.xib */,
				FFBAA15D2214D79900931F3E /* MainSearchControllerCell.swift */,
			);
			path = MainSearchControllerCell;
			sourceTree = "<group>";
		};
/* End PBXGroup section */

/* Begin PBXNativeTarget section */
		FFBAA0C722130C1200931F3E /* VerintTask */ = {
			isa = PBXNativeTarget;
			buildConfigurationList = FFBAA0DA22130C1300931F3E /* Build configuration list for PBXNativeTarget "VerintTask" */;
			buildPhases = (
				FFBAA0C422130C1200931F3E /* Sources */,
				FFBAA0C522130C1200931F3E /* Frameworks */,
				FFBAA0C622130C1200931F3E /* Resources */,
			);
			buildRules = (
			);
			dependencies = (
			);
			name = VerintTask;
			productName = VerintTask;
			productReference = FFBAA0C822130C1200931F3E /* VerintTask.app */;
			productType = "com.apple.product-type.application";
		};
/* End PBXNativeTarget section */

/* Begin PBXProject section */
		FFBAA0C022130C1200931F3E /* Project object */ = {
			isa = PBXProject;
			attributes = {
				LastSwiftUpdateCheck = 1010;
				LastUpgradeCheck = 1010;
				ORGANIZATIONNAME = astafeev;
				TargetAttributes = {
					FFBAA0C722130C1200931F3E = {
						CreatedOnToolsVersion = 10.1;
					};
				};
			};
			buildConfigurationList = FFBAA0C322130C1200931F3E /* Build configuration list for PBXProject "VerintTask" */;
			compatibilityVersion = "Xcode 9.3";
			developmentRegion = en;
			hasScannedForEncodings = 0;
			knownRegions = (
				en,
				Base,
			);
			mainGroup = FFBAA0BF22130C1200931F3E;
			productRefGroup = FFBAA0C922130C1200931F3E /* Products */;
			projectDirPath = "";
			projectRoot = "";
			targets = (
				FFBAA0C722130C1200931F3E /* VerintTask */,
			);
		};
/* End PBXProject section */

/* Begin PBXResourcesBuildPhase section */
		FFBAA0C622130C1200931F3E /* Resources */ = {
			isa = PBXResourcesBuildPhase;
			buildActionMask = 2147483647;
			files = (
				FFBAA1722214D79900931F3E /* MainSearchControllerCell.xib in Resources */,
				FFBAA0D622130C1300931F3E /* LaunchScreen.storyboard in Resources */,
				FFBAA0D322130C1300931F3E /* Assets.xcassets in Resources */,
				FFBAA0D122130C1200931F3E /* Main.storyboard in Resources */,
			);
			runOnlyForDeploymentPostprocessing = 0;
		};
/* End PBXResourcesBuildPhase section */

/* Begin PBXSourcesBuildPhase section */
		FFBAA0C422130C1200931F3E /* Sources */ = {
			isa = PBXSourcesBuildPhase;
			buildActionMask = 2147483647;
			files = (
				FFBAA1732214D79900931F3E /* MainSearchControllerCell.swift in Sources */,
				FFBAA1612214D79900931F3E /* Images.swift in Sources */,
				FFBAA1672214D79900931F3E /* UniversitySearchProvider.swift in Sources */,
				FFBAA1602214D79900931F3E /* Storyboards.swift in Sources */,
				FFBAA0E622130F3800931F3E /* DetailViewController.swift in Sources */,
				FFBAA16E2214D79900931F3E /* UniversitySearchResponse.swift in Sources */,
				FFBAA1632214D79900931F3E /* UIView+Constraints.swift in Sources */,
				FFBAA1622214D79900931F3E /* Collection+CollectionExtensions.swift in Sources */,
				FFBAA16B2214D79900931F3E /* BackendAPIRequest.swift in Sources */,
				FFBAA1662214D79900931F3E /* UniversitySearchService.swift in Sources */,
				FFBAA1712214D79900931F3E /* University.swift in Sources */,
				FFBAA0CE22130C1200931F3E /* MainSearchViewController.swift in Sources */,
				FFBAA15F2214D79900931F3E /* Segues.swift in Sources */,
				FFBAA15E2214D79900931F3E /* Strings.swift in Sources */,
				FFBAA16D2214D79900931F3E /* CoreError.swift in Sources */,
				FFBAA1692214D79900931F3E /* NetworkService.swift in Sources */,
				FFBAA1652214D79900931F3E /* UIViewController+StoryboardInstantiatable.swift in Sources */,
				FFBAA0CC22130C1200931F3E /* AppDelegate.swift in Sources */,
				FFBAA1682214D79900931F3E /* ResponseParsedItem.swift in Sources */,
				FFBAA1702214D79900931F3E /* UniversitySearchRequest.swift in Sources */,
				FFBAA16C2214D79900931F3E /* BaseBackendService.swift in Sources */,
				FFBAA1642214D79900931F3E /* UIVIew+NibInstantiatable.swift in Sources */,
				FFBAA16A2214D79900931F3E /* URLSessionPinningDelegate.swift in Sources */,
				FFBAA16F2214D79900931F3E /* UniversityLogoRequest.swift in Sources */,
			);
			runOnlyForDeploymentPostprocessing = 0;
		};
/* End PBXSourcesBuildPhase section */

/* Begin PBXVariantGroup section */
		FFBAA0CF22130C1200931F3E /* Main.storyboard */ = {
			isa = PBXVariantGroup;
			children = (
				FFBAA0D022130C1200931F3E /* Base */,
			);
			name = Main.storyboard;
			sourceTree = "<group>";
		};
		FFBAA0D422130C1300931F3E /* LaunchScreen.storyboard */ = {
			isa = PBXVariantGroup;
			children = (
				FFBAA0D522130C1300931F3E /* Base */,
			);
			name = LaunchScreen.storyboard;
			sourceTree = "<group>";
		};
/* End PBXVariantGroup section */

/* Begin XCBuildConfiguration section */
		FFBAA0D822130C1300931F3E /* Debug */ = {
			isa = XCBuildConfiguration;
			buildSettings = {
				ALWAYS_SEARCH_USER_PATHS = NO;
				CLANG_ANALYZER_NONNULL = YES;
				CLANG_ANALYZER_NUMBER_OBJECT_CONVERSION = YES_AGGRESSIVE;
				CLANG_CXX_LANGUAGE_STANDARD = "gnu++14";
				CLANG_CXX_LIBRARY = "libc++";
				CLANG_ENABLE_MODULES = YES;
				CLANG_ENABLE_OBJC_ARC = YES;
				CLANG_ENABLE_OBJC_WEAK = YES;
				CLANG_WARN_BLOCK_CAPTURE_AUTORELEASING = YES;
				CLANG_WARN_BOOL_CONVERSION = YES;
				CLANG_WARN_COMMA = YES;
				CLANG_WARN_CONSTANT_CONVERSION = YES;
				CLANG_WARN_DEPRECATED_OBJC_IMPLEMENTATIONS = YES;
				CLANG_WARN_DIRECT_OBJC_ISA_USAGE = YES_ERROR;
				CLANG_WARN_DOCUMENTATION_COMMENTS = YES;
				CLANG_WARN_EMPTY_BODY = YES;
				CLANG_WARN_ENUM_CONVERSION = YES;
				CLANG_WARN_INFINITE_RECURSION = YES;
				CLANG_WARN_INT_CONVERSION = YES;
				CLANG_WARN_NON_LITERAL_NULL_CONVERSION = YES;
				CLANG_WARN_OBJC_IMPLICIT_RETAIN_SELF = YES;
				CLANG_WARN_OBJC_LITERAL_CONVERSION = YES;
				CLANG_WARN_OBJC_ROOT_CLASS = YES_ERROR;
				CLANG_WARN_RANGE_LOOP_ANALYSIS = YES;
				CLANG_WARN_STRICT_PROTOTYPES = YES;
				CLANG_WARN_SUSPICIOUS_MOVE = YES;
				CLANG_WARN_UNGUARDED_AVAILABILITY = YES_AGGRESSIVE;
				CLANG_WARN_UNREACHABLE_CODE = YES;
				CLANG_WARN__DUPLICATE_METHOD_MATCH = YES;
				CODE_SIGN_IDENTITY = "iPhone Developer";
				COPY_PHASE_STRIP = NO;
				DEBUG_INFORMATION_FORMAT = dwarf;
				ENABLE_STRICT_OBJC_MSGSEND = YES;
				ENABLE_TESTABILITY = YES;
				GCC_C_LANGUAGE_STANDARD = gnu11;
				GCC_DYNAMIC_NO_PIC = NO;
				GCC_NO_COMMON_BLOCKS = YES;
				GCC_OPTIMIZATION_LEVEL = 0;
				GCC_PREPROCESSOR_DEFINITIONS = (
					"DEBUG=1",
					"$(inherited)",
				);
				GCC_WARN_64_TO_32_BIT_CONVERSION = YES;
				GCC_WARN_ABOUT_RETURN_TYPE = YES_ERROR;
				GCC_WARN_UNDECLARED_SELECTOR = YES;
				GCC_WARN_UNINITIALIZED_AUTOS = YES_AGGRESSIVE;
				GCC_WARN_UNUSED_FUNCTION = YES;
				GCC_WARN_UNUSED_VARIABLE = YES;
				IPHONEOS_DEPLOYMENT_TARGET = 12.1;
				MTL_ENABLE_DEBUG_INFO = INCLUDE_SOURCE;
				MTL_FAST_MATH = YES;
				ONLY_ACTIVE_ARCH = YES;
				SDKROOT = iphoneos;
				SWIFT_ACTIVE_COMPILATION_CONDITIONS = DEBUG;
				SWIFT_OPTIMIZATION_LEVEL = "-Onone";
			};
			name = Debug;
		};
		FFBAA0D922130C1300931F3E /* Release */ = {
			isa = XCBuildConfiguration;
			buildSettings = {
				ALWAYS_SEARCH_USER_PATHS = NO;
				CLANG_ANALYZER_NONNULL = YES;
				CLANG_ANALYZER_NUMBER_OBJECT_CONVERSION = YES_AGGRESSIVE;
				CLANG_CXX_LANGUAGE_STANDARD = "gnu++14";
				CLANG_CXX_LIBRARY = "libc++";
				CLANG_ENABLE_MODULES = YES;
				CLANG_ENABLE_OBJC_ARC = YES;
				CLANG_ENABLE_OBJC_WEAK = YES;
				CLANG_WARN_BLOCK_CAPTURE_AUTORELEASING = YES;
				CLANG_WARN_BOOL_CONVERSION = YES;
				CLANG_WARN_COMMA = YES;
				CLANG_WARN_CONSTANT_CONVERSION = YES;
				CLANG_WARN_DEPRECATED_OBJC_IMPLEMENTATIONS = YES;
				CLANG_WARN_DIRECT_OBJC_ISA_USAGE = YES_ERROR;
				CLANG_WARN_DOCUMENTATION_COMMENTS = YES;
				CLANG_WARN_EMPTY_BODY = YES;
				CLANG_WARN_ENUM_CONVERSION = YES;
				CLANG_WARN_INFINITE_RECURSION = YES;
				CLANG_WARN_INT_CONVERSION = YES;
				CLANG_WARN_NON_LITERAL_NULL_CONVERSION = YES;
				CLANG_WARN_OBJC_IMPLICIT_RETAIN_SELF = YES;
				CLANG_WARN_OBJC_LITERAL_CONVERSION = YES;
				CLANG_WARN_OBJC_ROOT_CLASS = YES_ERROR;
				CLANG_WARN_RANGE_LOOP_ANALYSIS = YES;
				CLANG_WARN_STRICT_PROTOTYPES = YES;
				CLANG_WARN_SUSPICIOUS_MOVE = YES;
				CLANG_WARN_UNGUARDED_AVAILABILITY = YES_AGGRESSIVE;
				CLANG_WARN_UNREACHABLE_CODE = YES;
				CLANG_WARN__DUPLICATE_METHOD_MATCH = YES;
				CODE_SIGN_IDENTITY = "iPhone Developer";
				COPY_PHASE_STRIP = NO;
				DEBUG_INFORMATION_FORMAT = "dwarf-with-dsym";
				ENABLE_NS_ASSERTIONS = NO;
				ENABLE_STRICT_OBJC_MSGSEND = YES;
				GCC_C_LANGUAGE_STANDARD = gnu11;
				GCC_NO_COMMON_BLOCKS = YES;
				GCC_WARN_64_TO_32_BIT_CONVERSION = YES;
				GCC_WARN_ABOUT_RETURN_TYPE = YES_ERROR;
				GCC_WARN_UNDECLARED_SELECTOR = YES;
				GCC_WARN_UNINITIALIZED_AUTOS = YES_AGGRESSIVE;
				GCC_WARN_UNUSED_FUNCTION = YES;
				GCC_WARN_UNUSED_VARIABLE = YES;
				IPHONEOS_DEPLOYMENT_TARGET = 12.1;
				MTL_ENABLE_DEBUG_INFO = NO;
				MTL_FAST_MATH = YES;
				SDKROOT = iphoneos;
				SWIFT_COMPILATION_MODE = wholemodule;
				SWIFT_OPTIMIZATION_LEVEL = "-O";
				VALIDATE_PRODUCT = YES;
			};
			name = Release;
		};
		FFBAA0DB22130C1300931F3E /* Debug */ = {
			isa = XCBuildConfiguration;
			buildSettings = {
				ASSETCATALOG_COMPILER_APPICON_NAME = AppIcon;
				CODE_SIGN_STYLE = Automatic;
				DEVELOPMENT_TEAM = J845CVVRG5;
				INFOPLIST_FILE = "$(SRCROOT)/VerintTask/Resources/Info.plist";
				LD_RUNPATH_SEARCH_PATHS = (
					"$(inherited)",
					"@executable_path/Frameworks",
				);
				PRODUCT_BUNDLE_IDENTIFIER = com.noegon.VerintTask;
				PRODUCT_NAME = "$(TARGET_NAME)";
				SWIFT_VERSION = 4.2;
				TARGETED_DEVICE_FAMILY = "1,2";
			};
			name = Debug;
		};
		FFBAA0DC22130C1300931F3E /* Release */ = {
			isa = XCBuildConfiguration;
			buildSettings = {
				ASSETCATALOG_COMPILER_APPICON_NAME = AppIcon;
				CODE_SIGN_STYLE = Automatic;
				DEVELOPMENT_TEAM = J845CVVRG5;
				INFOPLIST_FILE = "$(SRCROOT)/VerintTask/Resources/Info.plist";
				LD_RUNPATH_SEARCH_PATHS = (
					"$(inherited)",
					"@executable_path/Frameworks",
				);
				PRODUCT_BUNDLE_IDENTIFIER = com.noegon.VerintTask;
				PRODUCT_NAME = "$(TARGET_NAME)";
				SWIFT_VERSION = 4.2;
				TARGETED_DEVICE_FAMILY = "1,2";
			};
			name = Release;
		};
/* End XCBuildConfiguration section */

/* Begin XCConfigurationList section */
		FFBAA0C322130C1200931F3E /* Build configuration list for PBXProject "VerintTask" */ = {
			isa = XCConfigurationList;
			buildConfigurations = (
				FFBAA0D822130C1300931F3E /* Debug */,
				FFBAA0D922130C1300931F3E /* Release */,
			);
			defaultConfigurationIsVisible = 0;
			defaultConfigurationName = Release;
		};
		FFBAA0DA22130C1300931F3E /* Build configuration list for PBXNativeTarget "VerintTask" */ = {
			isa = XCConfigurationList;
			buildConfigurations = (
				FFBAA0DB22130C1300931F3E /* Debug */,
				FFBAA0DC22130C1300931F3E /* Release */,
			);
			defaultConfigurationIsVisible = 0;
			defaultConfigurationName = Release;
		};
/* End XCConfigurationList section */
	};
	rootObject = FFBAA0C022130C1200931F3E /* Project object */;
}
